
Microsoft Visual Studio Solution File, Format Version 12.00
# Visual Studio Version 16
VisualStudioVersion = 16.0.31613.86
MinimumVisualStudioVersion = 10.0.40219.1
Project("{FAE04EC0-301F-11D3-BF4B-00C04F79EFBC}") = "imigrationdepartment", "imigrationdepartment\imigrationdepartment.csproj", "{00DB7AAC-F90C-4210-A714-FC00B9694FD7}"
EndProject
Global
	GlobalSection(SolutionConfigurationPlatforms) = preSolution
		Debug|Any CPU = Debug|Any CPU
		Release|Any CPU = Release|Any CPU
	EndGlobalSection
	GlobalSection(ProjectConfigurationPlatforms) = postSolution
		{00DB7AAC-F90C-4210-A714-FC00B9694FD7}.Debug|Any CPU.ActiveCfg = Debug|Any CPU
		{00DB7AAC-F90C-4210-A714-FC00B9694FD7}.Debug|Any CPU.Build.0 = Debug|Any CPU
		{00DB7AAC-F90C-4210-A714-FC00B9694FD7}.Release|Any CPU.ActiveCfg = Release|Any CPU
		{00DB7AAC-F90C-4210-A714-FC00B9694FD7}.Release|Any CPU.Build.0 = Release|Any CPU
	EndGlobalSection
	GlobalSection(SolutionProperties) = preSolution
		HideSolutionNode = FALSE
	EndGlobalSection
	GlobalSection(ExtensibilityGlobals) = postSolution
		SolutionGuid = {1BC25FEB-4616-44FB-AF26-9FF4E5CCFEFA}
	EndGlobalSection
EndGlobal
