
Microsoft Visual Studio Solution File, Format Version 12.00
# Visual Studio Version 17
VisualStudioVersion = 17.1.32210.238
MinimumVisualStudioVersion = 10.0.40219.1
Project("{FAE04EC0-301F-11D3-BF4B-00C04F79EFBC}") = "License", "License\License.csproj", "{10763C1E-B11A-4954-A265-44355C0EED34}"
EndProject
Global
	GlobalSection(SolutionConfigurationPlatforms) = preSolution
		Debug|Any CPU = Debug|Any CPU
		Release|Any CPU = Release|Any CPU
	EndGlobalSection
	GlobalSection(ProjectConfigurationPlatforms) = postSolution
		{10763C1E-B11A-4954-A265-44355C0EED34}.Debug|Any CPU.ActiveCfg = Debug|Any CPU
		{10763C1E-B11A-4954-A265-44355C0EED34}.Debug|Any CPU.Build.0 = Debug|Any CPU
		{10763C1E-B11A-4954-A265-44355C0EED34}.Release|Any CPU.ActiveCfg = Release|Any CPU
		{10763C1E-B11A-4954-A265-44355C0EED34}.Release|Any CPU.Build.0 = Release|Any CPU
	EndGlobalSection
	GlobalSection(SolutionProperties) = preSolution
		HideSolutionNode = FALSE
	EndGlobalSection
	GlobalSection(ExtensibilityGlobals) = postSolution
		SolutionGuid = {FC8DDABA-CD0A-430A-AA3A-0F4BE97D455C}
	EndGlobalSection
EndGlobal
